
Microsoft Visual Studio Solution File, Format Version 12.00
# Visual Studio Version 17
VisualStudioVersion = 17.11.35312.102
MinimumVisualStudioVersion = 10.0.40219.1
Project("{9A19103F-16F7-4668-BE54-9A1E7A4F7556}") = "Scrumalyze", "Scrumalyze\Scrumalyze.csproj", "{AE095863-A6AF-42F7-9563-54888BE3D1D9}"
EndProject
Global
	GlobalSection(SolutionConfigurationPlatforms) = preSolution
		Debug|Any CPU = Debug|Any CPU
		Release|Any CPU = Release|Any CPU
	EndGlobalSection
	GlobalSection(ProjectConfigurationPlatforms) = postSolution
		{AE095863-A6AF-42F7-9563-54888BE3D1D9}.Debug|Any CPU.ActiveCfg = Debug|Any CPU
		{AE095863-A6AF-42F7-9563-54888BE3D1D9}.Debug|Any CPU.Build.0 = Debug|Any CPU
		{AE095863-A6AF-42F7-9563-54888BE3D1D9}.Release|Any CPU.ActiveCfg = Release|Any CPU
		{AE095863-A6AF-42F7-9563-54888BE3D1D9}.Release|Any CPU.Build.0 = Release|Any CPU
	EndGlobalSection
	GlobalSection(SolutionProperties) = preSolution
		HideSolutionNode = FALSE
	EndGlobalSection
	GlobalSection(ExtensibilityGlobals) = postSolution
		SolutionGuid = {F44B11AA-C133-4E32-A937-A83E3E089737}
	EndGlobalSection
EndGlobal
